
Microsoft Visual Studio Solution File, Format Version 12.00
# Visual Studio 2012
Project("{FAE04EC0-301F-11D3-BF4B-00C04F79EFBC}") = "AwesomeCars", "AwesomeCars\AwesomeCars.csproj", "{0C5F565C-BDAE-49BC-956E-402D5E3E174A}"
EndProject
Global
	GlobalSection(SolutionConfigurationPlatforms) = preSolution
		Debug|Any CPU = Debug|Any CPU
		Release|Any CPU = Release|Any CPU
	EndGlobalSection
	GlobalSection(ProjectConfigurationPlatforms) = postSolution
		{0C5F565C-BDAE-49BC-956E-402D5E3E174A}.Debug|Any CPU.ActiveCfg = Debug|Any CPU
		{0C5F565C-BDAE-49BC-956E-402D5E3E174A}.Debug|Any CPU.Build.0 = Debug|Any CPU
		{0C5F565C-BDAE-49BC-956E-402D5E3E174A}.Release|Any CPU.ActiveCfg = Release|Any CPU
		{0C5F565C-BDAE-49BC-956E-402D5E3E174A}.Release|Any CPU.Build.0 = Release|Any CPU
	EndGlobalSection
	GlobalSection(SolutionProperties) = preSolution
		HideSolutionNode = FALSE
	EndGlobalSection
	GlobalSection(ExtensibilityGlobals) = postSolution
		EnterpriseLibraryConfigurationToolBinariesPath = packages\Unity.2.1.505.0\lib\NET35
	EndGlobalSection
EndGlobal
